
Microsoft Visual Studio Solution File, Format Version 12.00
# Visual Studio Version 16
VisualStudioVersion = 16.0.31402.337
MinimumVisualStudioVersion = 10.0.40219.1
Project("{9A19103F-16F7-4668-BE54-9A1E7A4F7556}") = "Exercise1", "Exercise1\Exercise1.csproj", "{21E81D61-F86E-4EE4-A390-BFA0A8F8E6E8}"
EndProject
Project("{FAE04EC0-301F-11D3-BF4B-00C04F79EFBC}") = "Exercise2", "Exercise2\Exercise2.csproj", "{1DC9E56B-4763-42FF-831C-A924ACF60F1E}"
EndProject
Project("{FAE04EC0-301F-11D3-BF4B-00C04F79EFBC}") = "Exercise3", "Exercise3\Exercise3.csproj", "{96D75C00-8520-4D54-8DFD-99BE8CEAB3E7}"
EndProject
Project("{FAE04EC0-301F-11D3-BF4B-00C04F79EFBC}") = "Exercise4", "Exercise4\Exercise4.csproj", "{6C374393-6BA2-426E-BCD2-699A097BC48F}"
EndProject
Project("{FAE04EC0-301F-11D3-BF4B-00C04F79EFBC}") = "Exercise5", "Exercise5\Exercise5.csproj", "{21A043A7-AE8C-4733-83F7-AEA2167F7329}"
EndProject
Global
	GlobalSection(SolutionConfigurationPlatforms) = preSolution
		Debug|Any CPU = Debug|Any CPU
		Release|Any CPU = Release|Any CPU
	EndGlobalSection
	GlobalSection(ProjectConfigurationPlatforms) = postSolution
		{21E81D61-F86E-4EE4-A390-BFA0A8F8E6E8}.Debug|Any CPU.ActiveCfg = Debug|Any CPU
		{21E81D61-F86E-4EE4-A390-BFA0A8F8E6E8}.Debug|Any CPU.Build.0 = Debug|Any CPU
		{21E81D61-F86E-4EE4-A390-BFA0A8F8E6E8}.Release|Any CPU.ActiveCfg = Release|Any CPU
		{21E81D61-F86E-4EE4-A390-BFA0A8F8E6E8}.Release|Any CPU.Build.0 = Release|Any CPU
		{1DC9E56B-4763-42FF-831C-A924ACF60F1E}.Debug|Any CPU.ActiveCfg = Debug|Any CPU
		{1DC9E56B-4763-42FF-831C-A924ACF60F1E}.Debug|Any CPU.Build.0 = Debug|Any CPU
		{1DC9E56B-4763-42FF-831C-A924ACF60F1E}.Release|Any CPU.ActiveCfg = Release|Any CPU
		{1DC9E56B-4763-42FF-831C-A924ACF60F1E}.Release|Any CPU.Build.0 = Release|Any CPU
		{96D75C00-8520-4D54-8DFD-99BE8CEAB3E7}.Debug|Any CPU.ActiveCfg = Debug|Any CPU
		{96D75C00-8520-4D54-8DFD-99BE8CEAB3E7}.Debug|Any CPU.Build.0 = Debug|Any CPU
		{96D75C00-8520-4D54-8DFD-99BE8CEAB3E7}.Release|Any CPU.ActiveCfg = Release|Any CPU
		{96D75C00-8520-4D54-8DFD-99BE8CEAB3E7}.Release|Any CPU.Build.0 = Release|Any CPU
		{6C374393-6BA2-426E-BCD2-699A097BC48F}.Debug|Any CPU.ActiveCfg = Debug|Any CPU
		{6C374393-6BA2-426E-BCD2-699A097BC48F}.Debug|Any CPU.Build.0 = Debug|Any CPU
		{6C374393-6BA2-426E-BCD2-699A097BC48F}.Release|Any CPU.ActiveCfg = Release|Any CPU
		{6C374393-6BA2-426E-BCD2-699A097BC48F}.Release|Any CPU.Build.0 = Release|Any CPU
		{21A043A7-AE8C-4733-83F7-AEA2167F7329}.Debug|Any CPU.ActiveCfg = Debug|Any CPU
		{21A043A7-AE8C-4733-83F7-AEA2167F7329}.Debug|Any CPU.Build.0 = Debug|Any CPU
		{21A043A7-AE8C-4733-83F7-AEA2167F7329}.Release|Any CPU.ActiveCfg = Release|Any CPU
		{21A043A7-AE8C-4733-83F7-AEA2167F7329}.Release|Any CPU.Build.0 = Release|Any CPU
	EndGlobalSection
	GlobalSection(SolutionProperties) = preSolution
		HideSolutionNode = FALSE
	EndGlobalSection
	GlobalSection(ExtensibilityGlobals) = postSolution
		SolutionGuid = {9E45FFE9-AB5D-4CCD-BBE9-E284B65FF892}
	EndGlobalSection
EndGlobal
